
Microsoft Visual Studio Solution File, Format Version 12.00
# Visual Studio Version 17
VisualStudioVersion = 17.7.34031.279
MinimumVisualStudioVersion = 10.0.40219.1
Project("{9A19103F-16F7-4668-BE54-9A1E7A4F7556}") = "PLMVC", "PLMVC\PLMVC.csproj", "{296C4E1C-E114-4349-A5F2-E9D4B0C225B5}"
EndProject
Project("{9A19103F-16F7-4668-BE54-9A1E7A4F7556}") = "ML", "ML\ML.csproj", "{5CDEE034-56FC-4EDD-AD16-A241A8673E94}"
EndProject
Project("{9A19103F-16F7-4668-BE54-9A1E7A4F7556}") = "BL", "BL\BL.csproj", "{37F06E97-82F6-46C5-AEED-A9D4B03B9045}"
EndProject
Project("{9A19103F-16F7-4668-BE54-9A1E7A4F7556}") = "DL", "DL\DL.csproj", "{D842C23C-AF7B-4871-9449-4EA812E0B0BA}"
EndProject
Project("{FAE04EC0-301F-11D3-BF4B-00C04F79EFBC}") = "SL", "SL\SL.csproj", "{E9408C0E-4922-41D8-BEEC-6210D32171B0}"
EndProject
Global
	GlobalSection(SolutionConfigurationPlatforms) = preSolution
		Debug|Any CPU = Debug|Any CPU
		Release|Any CPU = Release|Any CPU
	EndGlobalSection
	GlobalSection(ProjectConfigurationPlatforms) = postSolution
		{296C4E1C-E114-4349-A5F2-E9D4B0C225B5}.Debug|Any CPU.ActiveCfg = Debug|Any CPU
		{296C4E1C-E114-4349-A5F2-E9D4B0C225B5}.Debug|Any CPU.Build.0 = Debug|Any CPU
		{296C4E1C-E114-4349-A5F2-E9D4B0C225B5}.Release|Any CPU.ActiveCfg = Release|Any CPU
		{296C4E1C-E114-4349-A5F2-E9D4B0C225B5}.Release|Any CPU.Build.0 = Release|Any CPU
		{5CDEE034-56FC-4EDD-AD16-A241A8673E94}.Debug|Any CPU.ActiveCfg = Debug|Any CPU
		{5CDEE034-56FC-4EDD-AD16-A241A8673E94}.Debug|Any CPU.Build.0 = Debug|Any CPU
		{5CDEE034-56FC-4EDD-AD16-A241A8673E94}.Release|Any CPU.ActiveCfg = Release|Any CPU
		{5CDEE034-56FC-4EDD-AD16-A241A8673E94}.Release|Any CPU.Build.0 = Release|Any CPU
		{37F06E97-82F6-46C5-AEED-A9D4B03B9045}.Debug|Any CPU.ActiveCfg = Debug|Any CPU
		{37F06E97-82F6-46C5-AEED-A9D4B03B9045}.Debug|Any CPU.Build.0 = Debug|Any CPU
		{37F06E97-82F6-46C5-AEED-A9D4B03B9045}.Release|Any CPU.ActiveCfg = Release|Any CPU
		{37F06E97-82F6-46C5-AEED-A9D4B03B9045}.Release|Any CPU.Build.0 = Release|Any CPU
		{D842C23C-AF7B-4871-9449-4EA812E0B0BA}.Debug|Any CPU.ActiveCfg = Debug|Any CPU
		{D842C23C-AF7B-4871-9449-4EA812E0B0BA}.Debug|Any CPU.Build.0 = Debug|Any CPU
		{D842C23C-AF7B-4871-9449-4EA812E0B0BA}.Release|Any CPU.ActiveCfg = Release|Any CPU
		{D842C23C-AF7B-4871-9449-4EA812E0B0BA}.Release|Any CPU.Build.0 = Release|Any CPU
		{E9408C0E-4922-41D8-BEEC-6210D32171B0}.Debug|Any CPU.ActiveCfg = Debug|Any CPU
		{E9408C0E-4922-41D8-BEEC-6210D32171B0}.Debug|Any CPU.Build.0 = Debug|Any CPU
		{E9408C0E-4922-41D8-BEEC-6210D32171B0}.Release|Any CPU.ActiveCfg = Release|Any CPU
		{E9408C0E-4922-41D8-BEEC-6210D32171B0}.Release|Any CPU.Build.0 = Release|Any CPU
	EndGlobalSection
	GlobalSection(SolutionProperties) = preSolution
		HideSolutionNode = FALSE
	EndGlobalSection
	GlobalSection(ExtensibilityGlobals) = postSolution
		SolutionGuid = {2C076540-DCBE-4DAC-AADF-EF5249859DC2}
	EndGlobalSection
EndGlobal
